# This file is generated by running "yarn install" inside your project.
# Manual changes might be lost - proceed with caution!

__metadata:
  version: 4
  cacheKey: 7

"@sindresorhus/is@npm:^0.14.0":
  version: 0.14.0
  resolution: "@sindresorhus/is@npm:0.14.0"
  checksum: da26389d6e23f64726224ffda6f6a04bab88e15b9c4eb8f9e5fdafc3baaaa071c85c47816723b7e61e14bf2f4dcff25d6bc1629032c2916ffb8b3fe759ad7b1f
  languageName: node
  linkType: hard

"@szmarczak/http-timer@npm:^1.1.2":
  version: 1.1.2
  resolution: "@szmarczak/http-timer@npm:1.1.2"
  dependencies:
    defer-to-connect: ^1.0.1
  checksum: a46ec854231194dd1ab924a5ea0d8f0afa2b7133754a3def099cc5749e34802d8668a7d7ee3583327048354b9dc621113843d8546387e06ff57e6763cbb558d9
  languageName: node
  linkType: hard

"@types/keyv@npm:^3.1.1":
  version: 3.1.1
  resolution: "@types/keyv@npm:3.1.1"
  dependencies:
    "@types/node": "*"
  checksum: 3aaf557d5b82e733d5a17b7f55af5d6be953363c3a594f006d64265790fe87c301c6e1400c0b6b1cf72add50a0ceddc25afb8231ab8302a2e5b6ebfbfac30e5d
  languageName: node
  linkType: hard

"@types/node@npm:*":
  version: 14.14.35
  resolution: "@types/node@npm:14.14.35"
  checksum: 0f6320bf5370d1ff82105fb7f26aa0658499c97d3ec78561e65b65724280244f281602541182b63470d2c8a98db22fbb4f91409c5c7c97da8c3bb8f97fbc5dbc
  languageName: node
  linkType: hard

"@types/responselike@npm:^1.0.0":
  version: 1.0.0
  resolution: "@types/responselike@npm:1.0.0"
  dependencies:
    "@types/node": "*"
  checksum: e6e6613c800aeda63e2331e753e8d21df1a2c9aa7a4bc71ed792a848e4811fc96e609759089355314a2318c76eff1f161499cd242044838ab1e6f56e463ebb9c
  languageName: node
  linkType: hard

"@vercel/build-utils@npm:2.10.1":
  version: 2.10.1
  resolution: "@vercel/build-utils@npm:2.10.1"
  checksum: fa265dc3d29dd3b36d6618f2f32cddce9f4149d2bcdbe0756332ea5026028a10609fb38efebd3dbeb44508f893c2bf68f3ddb959fa4320c06fe7ec5a955d3e9e
  languageName: node
  linkType: hard

"@vercel/go@npm:1.2.2":
  version: 1.2.2
  resolution: "@vercel/go@npm:1.2.2"
  checksum: a5d058024c0079bd712fc6b8d28b43f3023c8750192a06f739d59a81d53a9928f3f679e7b3a0e1abcbfc950a4a0acc590409d752cc623c7b593896b71be077a0
  languageName: node
  linkType: hard

"@vercel/node@npm:1.9.1":
  version: 1.9.1
  resolution: "@vercel/node@npm:1.9.1"
  dependencies:
    "@types/node": "*"
    ts-node: 8.9.1
    typescript: 3.9.3
  checksum: 4daae2b5ee95ba083372b2f1f40e49c55d267b2b0b1cf0b86a16f218728cc50b1b0554e7747d951bbf220b4a47d606c9ccc4e9d5a007ceb61346eada5ef4f85c
  languageName: node
  linkType: hard

"@vercel/python@npm:2.0.1":
  version: 2.0.1
  resolution: "@vercel/python@npm:2.0.1"
  checksum: 989b3ed2c4a33309b1e3a143e78bdde4f3d5ca0fb66d7ad5b6842245fbb073450a361f9a096fd0339aab0965ed9f33eed9740bc1c8893c89e78b11b144972e25
  languageName: node
  linkType: hard

"@vercel/ruby@npm:1.2.6":
  version: 1.2.6
  resolution: "@vercel/ruby@npm:1.2.6"
  checksum: d6778d6b1bfb8b38db55a3a5257a5ebb0705a617fb9c615cdb0ca47bc522c8d73053fea432c1205148c44823ef46e55b8b7433794f4dcc9eb8576b37d7272c62
  languageName: node
  linkType: hard

"ansi-align@npm:^3.0.0":
  version: 3.0.0
  resolution: "ansi-align@npm:3.0.0"
  dependencies:
    string-width: ^3.0.0
  checksum: e6bea1d61003857c5bbf3e81d806b53d32acb482f14dfe88233ba60656fd161cdb91d64b4feccb350adc511ac33fa60eb9ebac0afbcb0e22a8b17210a9f2147d
  languageName: node
  linkType: hard

"ansi-regex@npm:^4.1.0":
  version: 4.1.0
  resolution: "ansi-regex@npm:4.1.0"
  checksum: 53b6fe447cf92ee59739379de637af6f86b3b8a9537fbfe36a66f946f1d9d34afc3efe664ac31bcc7c3af042d43eabcfcfd3f790316d474bbc7b19a4b1d132dd
  languageName: node
  linkType: hard

"ansi-regex@npm:^5.0.0":
  version: 5.0.0
  resolution: "ansi-regex@npm:5.0.0"
  checksum: cbd9b5c9dbbb4a949c2a6e93f1c6cc19f0683d8a4724d08d2158627be6d373f0f3ba1f4ada01dce7ee141f2ba2628fbbd29932c7d49926e3b630c7f329f3178b
  languageName: node
  linkType: hard

"ansi-styles@npm:^4.1.0":
  version: 4.3.0
  resolution: "ansi-styles@npm:4.3.0"
  dependencies:
    color-convert: ^2.0.1
  checksum: ea02c0179f3dd089a161f5fdd7ccd89dd84f31d82b68869f1134bf5c5b9e1313dadd2ff9edb02b44f46243f285ef5b785f6cb61c84a293694221417c42934407
  languageName: node
  linkType: hard

"arg@npm:^4.1.0":
  version: 4.1.3
  resolution: "arg@npm:4.1.3"
  checksum: 81b3b40b1529c4fbf75b12f7c3e6fb2dcce9e78072063babc169de9b4f40777788f3d2b04380f659ef676a756e03ccfbfe78adf4477353bda906295fa69dab89
  languageName: node
  linkType: hard

"boxen@npm:^4.2.0":
  version: 4.2.0
  resolution: "boxen@npm:4.2.0"
  dependencies:
    ansi-align: ^3.0.0
    camelcase: ^5.3.1
    chalk: ^3.0.0
    cli-boxes: ^2.2.0
    string-width: ^4.1.0
    term-size: ^2.1.0
    type-fest: ^0.8.1
    widest-line: ^3.1.0
  checksum: 667b291d227a86134aaacd6f2f997828607a8e2ead0da7b2568372728382765634df46e211f73d3b11a43784db7ec53da627a57213adbd42ce10ad39609ee4e3
  languageName: node
  linkType: hard

"buffer-from@npm:^1.0.0":
  version: 1.1.1
  resolution: "buffer-from@npm:1.1.1"
  checksum: 540ceb79c4f5bfcadaabbc18324fa84c50dc52905084be7c03596a339cf5a88513bee6831ce9b36ddd046fab09257a7c80686e129d0559a0cfd141da196ad956
  languageName: node
  linkType: hard

"cacheable-request@npm:^6.0.0":
  version: 6.1.0
  resolution: "cacheable-request@npm:6.1.0"
  dependencies:
    clone-response: ^1.0.2
    get-stream: ^5.1.0
    http-cache-semantics: ^4.0.0
    keyv: ^3.0.0
    lowercase-keys: ^2.0.0
    normalize-url: ^4.1.0
    responselike: ^1.0.2
  checksum: 8b43f661371084ee67309c6bac93313360f55d5dfb1b622d32750c95a5f9c470a83d5798a042a67badcc0674ce0ca586a72f41e450275e78d87da1b705b91efb
  languageName: node
  linkType: hard

"camelcase@npm:^5.3.1":
  version: 5.3.1
  resolution: "camelcase@npm:5.3.1"
  checksum: 6a3350c4ea8ab6e5109e0b443cfaf43dc40abfad7b2d79dcafbbafbe9b6b4059b4365b17ad822e24cf08e6627c1ffb65a9651d05cef9fcc6f64b6a0c2f327feb
  languageName: node
  linkType: hard

"chalk@npm:^3.0.0":
  version: 3.0.0
  resolution: "chalk@npm:3.0.0"
  dependencies:
    ansi-styles: ^4.1.0
    supports-color: ^7.1.0
  checksum: 4018b0c812880da595d0d7b8159939527b72f58d3370e2fdc1a24d9abd460bab851695d7eca014082f110d5702d1221b05493fec430ccce375de907d50cc48c1
  languageName: node
  linkType: hard

"ci-info@npm:^2.0.0":
  version: 2.0.0
  resolution: "ci-info@npm:2.0.0"
  checksum: 553fe83c085fce5e19e20f85b993f24a463e6f805803837a8868607bb68b1300567868694a5dff1beca6c54926a4c0be1cc9ef0c35f810653d590bf64183f6a0
  languageName: node
  linkType: hard

"cli-boxes@npm:^2.2.0":
  version: 2.2.1
  resolution: "cli-boxes@npm:2.2.1"
  checksum: 1d39df5628a44779727cc32496fff73933f22723c0ef572c043a3fa5d9b4b88024416ff92db582076b275bdf7d7f460fc7e5fa7eb8e88d3226f08233963083a7
  languageName: node
  linkType: hard

"clone-response@npm:^1.0.2":
  version: 1.0.2
  resolution: "clone-response@npm:1.0.2"
  dependencies:
    mimic-response: ^1.0.0
  checksum: 71832f9219f2682b0915bdbc0dd187ba8e63d16b0af5342b44f97b34afe9400a1f528a253dd2f70a8dd8b23bfa4c4e106928fcc520fa5899d769af95e4cce53c
  languageName: node
  linkType: hard

"color-convert@npm:^2.0.1":
  version: 2.0.1
  resolution: "color-convert@npm:2.0.1"
  dependencies:
    color-name: ~1.1.4
  checksum: 3d5d8a011a43012ca11b6d739049ecf2055d95582fd16ec44bf1e685eb0baa5cc652002be8a1dc92b429c8d87418287d0528266a7595cb1ad8a7f4f1d3049df2
  languageName: node
  linkType: hard

"color-name@npm:~1.1.4":
  version: 1.1.4
  resolution: "color-name@npm:1.1.4"
  checksum: 3e1c9a4dee12eada307436f61614dd11fe300469db2b83f80c8b7a7cd8a1015f0f18dd13403f018927b249003777ff60baba4a03c65f12e6bddc0dfd9642021f
  languageName: node
  linkType: hard

"configstore@npm:^5.0.1":
  version: 5.0.1
  resolution: "configstore@npm:5.0.1"
  dependencies:
    dot-prop: ^5.2.0
    graceful-fs: ^4.1.2
    make-dir: ^3.0.0
    unique-string: ^2.0.0
    write-file-atomic: ^3.0.0
    xdg-basedir: ^4.0.0
  checksum: 81dd877bf784af29e7bbeb14e183fef21df07d9eceb3e94601a0689accb168b55f4661c629d32f079f88ea1bff3396434beb0d022414b601e72cf89adf4167e1
  languageName: node
  linkType: hard

"crypto-random-string@npm:^2.0.0":
  version: 2.0.0
  resolution: "crypto-random-string@npm:2.0.0"
  checksum: 7bc19f6cafe3194a434198c9414941cc36d874e1f85b6fcba573b5623f77a440c0a10a94c0d0da26d7d23d85b6fe07354e589ef1a0fe2d7b32e0bab9e70ca4c1
  languageName: node
  linkType: hard

"decompress-response@npm:^3.3.0":
  version: 3.3.0
  resolution: "decompress-response@npm:3.3.0"
  dependencies:
    mimic-response: ^1.0.0
  checksum: 93b0dcc8f0c32f1d5eb656e7db54fa5554227b8bfefd242c9d28f7b9c3908052c2ab8297b4af6256759da496679ee3a806d559f22d29b7e71a25879a2c25b99b
  languageName: node
  linkType: hard

"deep-extend@npm:^0.6.0":
  version: 0.6.0
  resolution: "deep-extend@npm:0.6.0"
  checksum: 856d7f52db152c19fc5a70439ea938461cfb9338a632496fe370050dc73d3291cd76fc6713f604a5c126612dee9cac0f6da1d4b88ba4b0caa4f7214345879b89
  languageName: node
  linkType: hard

"defer-to-connect@npm:^1.0.1":
  version: 1.1.3
  resolution: "defer-to-connect@npm:1.1.3"
  checksum: d8632cafae79a077b894c17f92d668784ad83825150d31c107df4fafc39f351ecd5112e0c75e0c2886c29ea359faf299bbb73246af71607b1e5b0d1ecc496ebf
  languageName: node
  linkType: hard

"diff@npm:^4.0.1":
  version: 4.0.2
  resolution: "diff@npm:4.0.2"
  checksum: 81b5cd7ddde6f0ba2a532d434cfdca365aedd6cc62bb133e851e66e071d40382a30924a07c1034bd3d5a2e332146f64514b73c06fe2ebc0490a67f0c98da79fb
  languageName: node
  linkType: hard

"dot-prop@npm:^5.2.0":
  version: 5.3.0
  resolution: "dot-prop@npm:5.3.0"
  dependencies:
    is-obj: ^2.0.0
  checksum: 76e6693d8803eeff9cb920988446bf223cf1f6e5b1c0c2fe07a66906392134931a481b11e3c0bd852c5cfc97fad65258bcb4359169ad1d8d624cb3f56932be98
  languageName: node
  linkType: hard

"duplexer3@npm:^0.1.4":
  version: 0.1.4
  resolution: "duplexer3@npm:0.1.4"
  checksum: 2a4ae463aafdb6e3541e556785d971e83e8d2b534b4cfcb114b01ebc6af6dde5a07454835c7207c8eeb5472927db1bac1b507044413164e991906c5da807938b
  languageName: node
  linkType: hard

"emoji-regex@npm:^7.0.1":
  version: 7.0.3
  resolution: "emoji-regex@npm:7.0.3"
  checksum: e3a504cf5242061d9b3c78a88ce787d6beee37a5d21287c6ccdddf1fe665d5ef3eddfdda663d0baf683df8e7d354210eeb1458a7d9afdf0d7a28d48cbb9975e1
  languageName: node
  linkType: hard

"emoji-regex@npm:^8.0.0":
  version: 8.0.0
  resolution: "emoji-regex@npm:8.0.0"
  checksum: 87cf3f89efb8ba028075b3dc1713e2c5609af94cbc129b1f00c3113d01dbe4bf85c9d971e75a98bf8a8508131727682ce929e4bd70e9022af4fd47d75e9507de
  languageName: node
  linkType: hard

"end-of-stream@npm:^1.1.0":
  version: 1.4.4
  resolution: "end-of-stream@npm:1.4.4"
  dependencies:
    once: ^1.4.0
  checksum: 7da60e458bdb5e16c006a45e85ef3bc1e3791db5ba275b0913258ccddc8899acb9252c4ddbcce87bd1b46e2a3f97315aafb9f0c0330e8aac44defb504a9d3ccd
  languageName: node
  linkType: hard

"escape-goat@npm:^2.0.0":
  version: 2.1.1
  resolution: "escape-goat@npm:2.1.1"
  checksum: 8270a80ca5449893b004ae260f41aece7db91198dcb007f3f26e68c3adde0f9a4c63df9aaa23d9a3a79b670a304a30986027770b2afd5b09be18a8ffcc8ab88d
  languageName: node
  linkType: hard

"get-stream@npm:^4.1.0":
  version: 4.1.0
  resolution: "get-stream@npm:4.1.0"
  dependencies:
    pump: ^3.0.0
  checksum: f41bb3c74de09d1dbe1e9d0b6d12520875d99b7ecd32c71ee21eea26d32ca74110e2406922ca64ed8cd6f10076c5f59e4fd128f10cc292eae3b669379e5f18ed
  languageName: node
  linkType: hard

"get-stream@npm:^5.1.0":
  version: 5.2.0
  resolution: "get-stream@npm:5.2.0"
  dependencies:
    pump: ^3.0.0
  checksum: c71c5625f4573a33823371da253b4183df6bdb28cb678d03bab9b5f91626d92d6f3f5ae2404c5efdc1248fbb82204e4dae4283c7ff3cc14e505754f9f748f217
  languageName: node
  linkType: hard

"global-dirs@npm:^2.0.1":
  version: 2.1.0
  resolution: "global-dirs@npm:2.1.0"
  dependencies:
    ini: 1.3.7
  checksum: 32e478655226c5b64f9077c88924ba3079723fb7aabd847574bc21367369ea75d722e13aa77570e22880a51e58338bf4abfbb58f3b03de88c4784a7f94d9a25a
  languageName: node
  linkType: hard

"got@npm:^9.6.0":
  version: 9.6.0
  resolution: "got@npm:9.6.0"
  dependencies:
    "@sindresorhus/is": ^0.14.0
    "@szmarczak/http-timer": ^1.1.2
    cacheable-request: ^6.0.0
    decompress-response: ^3.3.0
    duplexer3: ^0.1.4
    get-stream: ^4.1.0
    lowercase-keys: ^1.0.1
    mimic-response: ^1.0.1
    p-cancelable: ^1.0.0
    to-readable-stream: ^1.0.0
    url-parse-lax: ^3.0.0
  checksum: 4cfb862eb7e2d023f486efbd9ad5ab199ea44f957dc72be9518bf54d832ad4281ef3b63eac4d861b189690c3b7674eef3e1cb4f41285a83fa43293431ab879bd
  languageName: node
  linkType: hard

"graceful-fs@npm:^4.1.2":
  version: 4.2.6
  resolution: "graceful-fs@npm:4.2.6"
  checksum: 84d39c7756892553da990a9db7e45f844b3309b37b5a00174cbb4748476f2250c54f24594d4d252f64f085c65c2fdac7c809419bf6d55f0e6e42eb07ac0f5bf2
  languageName: node
  linkType: hard

"has-flag@npm:^4.0.0":
  version: 4.0.0
  resolution: "has-flag@npm:4.0.0"
  checksum: 2e5391139d3d287231ccb58659702392f6e3abeac3296fb4721afaff46493f3d9b99a9329ae015dfe973aa206ed5c75f43e86aec0267dce79aa5c2b6e811b3ad
  languageName: node
  linkType: hard

"has-yarn@npm:^2.1.0":
  version: 2.1.0
  resolution: "has-yarn@npm:2.1.0"
  checksum: 105682f263a3437972c75594cdda237ce8454f67cae37a36a507701f300dade0460231dabbe873a7df035b7c0a0b3a686c9fcd1eebb29c73ca35753ecae6fb7d
  languageName: node
  linkType: hard

"http-cache-semantics@npm:^4.0.0":
  version: 4.1.0
  resolution: "http-cache-semantics@npm:4.1.0"
  checksum: 451df9784af2acbe0cc1fd70291285c08ca4a8966ab5ee4d3975e003d1ad4d74c81473086d628f31296b31221966fda8bc5ea1e29dd8f1f33f9fc2b0fdca65ca
  languageName: node
  linkType: hard

"http-mock@workspace:.":
  version: 0.0.0-use.local
  resolution: "http-mock@workspace:."
  dependencies:
    prettier: 2.2.1
    vercel: ^21.3.3
  languageName: unknown
  linkType: soft

"import-lazy@npm:^2.1.0":
  version: 2.1.0
  resolution: "import-lazy@npm:2.1.0"
  checksum: 4907a2ddbe39df77b28cbb3e0a41d675f56990b935cd579df7ccd143501f5496382cfbf8d53f359a41660d4a8963bec22a5d68e12d8fae9c828bf59664114963
  languageName: node
  linkType: hard

"imurmurhash@npm:^0.1.4":
  version: 0.1.4
  resolution: "imurmurhash@npm:0.1.4"
  checksum: 34d414d789286f6ef4d2b954c76c7df40dd7cabffef9b9959c8bd148677e98151f4fa5344aae2e3ad2b62308555ccbba3022e535a3e24288c9babb1308e35532
  languageName: node
  linkType: hard

"ini@npm:1.3.7":
  version: 1.3.7
  resolution: "ini@npm:1.3.7"
  checksum: cf00289cb43d8de635d907c202f7dd8650d8228c322b501c089c4f52ea78dc21ebc38b07c4f37b532f52eba110d11b71f32bc22173097ca0e9c8521575688d7c
  languageName: node
  linkType: hard

"ini@npm:~1.3.0":
  version: 1.3.8
  resolution: "ini@npm:1.3.8"
  checksum: 62189ce7ea44c5778e757e4232c581212e838f3c39e79d931bb9152fd4b9275f09fb20b96afdd60ba9f5d7996b92486cad6cc617fcb84ff4beedd1b33b86221e
  languageName: node
  linkType: hard

"is-ci@npm:^2.0.0":
  version: 2.0.0
  resolution: "is-ci@npm:2.0.0"
  dependencies:
    ci-info: ^2.0.0
  bin:
    is-ci: bin.js
  checksum: 09083018edafd63221ff0506356f13c0aaf4b75a6435ea648bc67d07ddab199b2d5b9297de43d0821df1a14c18cd9f1edd1775a0166abfe37390843e79137213
  languageName: node
  linkType: hard

"is-fullwidth-code-point@npm:^2.0.0":
  version: 2.0.0
  resolution: "is-fullwidth-code-point@npm:2.0.0"
  checksum: e1e5284f848ab6885665967cd768292a75022304d4401e78937a68f423047c29bfe87a43a9cdb67a3210fff7bcd5da51469122a0eff59b03261c379e58dbe921
  languageName: node
  linkType: hard

"is-fullwidth-code-point@npm:^3.0.0":
  version: 3.0.0
  resolution: "is-fullwidth-code-point@npm:3.0.0"
  checksum: a01a19ecac34386ae3a4e801c5639d6e31082d1ddc418e7cd96317fef3c8b24ec8531558e9d3d35b33551ab9c5cf20bf2cdefa583927b7ff60c27c8d7c216063
  languageName: node
  linkType: hard

"is-installed-globally@npm:^0.3.1":
  version: 0.3.2
  resolution: "is-installed-globally@npm:0.3.2"
  dependencies:
    global-dirs: ^2.0.1
    is-path-inside: ^3.0.1
  checksum: 10fc4fb09fe86c0ed5fa21e821607c6e1ca258386787b1aaad3afbe59470d0c3b50b076cbc996173b9b4c0de7d6a8b741aabf9229ab09d6c37ff663e51631529
  languageName: node
  linkType: hard

"is-npm@npm:^4.0.0":
  version: 4.0.0
  resolution: "is-npm@npm:4.0.0"
  checksum: 94ab2edae37293ceba039729ba1de851448059979138f72d7184a89a484bf70fbefc462268fecf59865e54ce972c15164229acc73bd56c025a7afc7dd0702c40
  languageName: node
  linkType: hard

"is-obj@npm:^2.0.0":
  version: 2.0.0
  resolution: "is-obj@npm:2.0.0"
  checksum: ffa67ed5df66e37757876cd976380737a0430551789a0457b8c031eaedef8f5c6bc4ab6d903e529efb777545f8718ab73d9badde61c8b08720a3747ccff0b2a0
  languageName: node
  linkType: hard

"is-path-inside@npm:^3.0.1":
  version: 3.0.3
  resolution: "is-path-inside@npm:3.0.3"
  checksum: b19a2937441131e68b9eb9931ec8933bc87743a8f5364f6f7e1b8fc6c1403386ecf305835fb781e3986332fada456d71ff95af77ccda5806b35aac58234f9080
  languageName: node
  linkType: hard

"is-typedarray@npm:^1.0.0":
  version: 1.0.0
  resolution: "is-typedarray@npm:1.0.0"
  checksum: 4e21156e7360a5916eded35c5938adf6278299a8055640864eebb251e4351cd605beccddf9af27477e19f753d453412fe0c21379bb54b55cfdf5add263076959
  languageName: node
  linkType: hard

"is-yarn-global@npm:^0.3.0":
  version: 0.3.0
  resolution: "is-yarn-global@npm:0.3.0"
  checksum: 5a66f706f24e76979ce252a8f5ff4bb680da3c3eb978a2930f0147fecaa583eefb4ee1765bcfb85c0b4e83f67a231355e158a89b0047e83649f8f11a93563ef9
  languageName: node
  linkType: hard

"json-buffer@npm:3.0.0":
  version: 3.0.0
  resolution: "json-buffer@npm:3.0.0"
  checksum: 09b53ecc8ffbb1252d9ef07f37ad616eb0769325d749c87555df786dc70e9855d4ad208255bbf232c86069504756277a7efb6725a31f6e6c4ef39a7b072e75f2
  languageName: node
  linkType: hard

"keyv@npm:^3.0.0":
  version: 3.1.0
  resolution: "keyv@npm:3.1.0"
  dependencies:
    json-buffer: 3.0.0
  checksum: 6bf032ee504f27e00ae3a366c7e0ca5d93b8f947672871568f2a1456bf56d1bc4e55555158a45188d14483c4c38d0fa1dc7f0585b0d6c640f8e79abc9b4d3162
  languageName: node
  linkType: hard

"latest-version@npm:^5.0.0":
  version: 5.1.0
  resolution: "latest-version@npm:5.1.0"
  dependencies:
    package-json: ^6.3.0
  checksum: 63c1f224358d094a75782cc48a5b3eeaf70a70c0e18f8b814480e50ed0ecedb4bc5f2c9cc44c7983fbf31e865f0376526bf9a563c304f3261971f38d8f51c5c6
  languageName: node
  linkType: hard

"lowercase-keys@npm:^1.0.0, lowercase-keys@npm:^1.0.1":
  version: 1.0.1
  resolution: "lowercase-keys@npm:1.0.1"
  checksum: ac9d79c47dd9f831cebb2cbe930e72f7c03b27ab07c5bb9072ee0b4a853ce26d6648403b9eb371b3d400af3790da9ce65cf7207af887f8c134d53dce81559107
  languageName: node
  linkType: hard

"lowercase-keys@npm:^2.0.0":
  version: 2.0.0
  resolution: "lowercase-keys@npm:2.0.0"
  checksum: 4da67f41865a25360bb05749a66a83c60987c7efa0b8ec443941a19978c21ba916ae9fedca25b96fc652026c4264a437d3fec099d1949716b5483eec42395ec9
  languageName: node
  linkType: hard

"make-dir@npm:^3.0.0":
  version: 3.1.0
  resolution: "make-dir@npm:3.1.0"
  dependencies:
    semver: ^6.0.0
  checksum: 54b6f186c209c1b133d0d1710e6b04c41ebfcb0dac699e5a369ea1223f22c0574ef820b91db37cae6c245f5bda8aff9bfec94f6c23e7d75970446b34a58a79b0
  languageName: node
  linkType: hard

"make-error@npm:^1.1.1":
  version: 1.3.6
  resolution: "make-error@npm:1.3.6"
  checksum: 2c780bab8409b865e8ee86697c599a2bf2765ec64d21eb67ccda27050e039f983feacad05a0d43aba3c966ea03d305d2612e94fec45474bcbc61181f57c5bb88
  languageName: node
  linkType: hard

"mimic-response@npm:^1.0.0, mimic-response@npm:^1.0.1":
  version: 1.0.1
  resolution: "mimic-response@npm:1.0.1"
  checksum: 64b43c717ed8710bc920576e96d38d0e504e9eec3114af8e00c9e3d7ae53cd459ee38febb0badc83e3a4e6d21cd571db43e9011f8cf014809989c87a1a9f0ea4
  languageName: node
  linkType: hard

"minimist@npm:^1.2.0":
  version: 1.2.5
  resolution: "minimist@npm:1.2.5"
  checksum: b77b8590147a4e217ff34266236bc39de23b52e6e33054076991ff674c7397a1380a7bde11111916f16f003a94aaa7e4f3d92595a32189644ff607fabc65a5b6
  languageName: node
  linkType: hard

"normalize-url@npm:^4.1.0":
  version: 4.5.0
  resolution: "normalize-url@npm:4.5.0"
  checksum: 09794941dbe5c7b91caf6f3cd1ae167c27f6d09793e4a03601a68b62de7e8ee9e5de21a246130cdbab98b01481de292f9556d492444a527648f9cf1220e4b0df
  languageName: node
  linkType: hard

"once@npm:^1.3.1, once@npm:^1.4.0":
  version: 1.4.0
  resolution: "once@npm:1.4.0"
  dependencies:
    wrappy: 1
  checksum: 57afc246536cf6494437f982b26475f22bee860f8b77ce8eb1543f42a8bffe04b2c66ddfea9a16cb25ccb80943f8ee4fc639367ef97b7a6a4f2672eb573963f5
  languageName: node
  linkType: hard

"p-cancelable@npm:^1.0.0":
  version: 1.1.0
  resolution: "p-cancelable@npm:1.1.0"
  checksum: 01fdd9ac319f0e69e22c18d5b9e5f4dca62a0827d72349c73b0c88b07c760849de49201dcbe4fbbcbe61b4bdce8f4f3596cfbbfed664cf411ff1ab9a80664574
  languageName: node
  linkType: hard

"package-json@npm:^6.3.0":
  version: 6.5.0
  resolution: "package-json@npm:6.5.0"
  dependencies:
    got: ^9.6.0
    registry-auth-token: ^4.0.0
    registry-url: ^5.0.0
    semver: ^6.2.0
  checksum: 3023e318de5d76bbd650aedd3671b452cb1e018c4d99b72955dde0f22c6ba765c3f6d678ab0ee45e2561842e8399b1fea77a0730dc93c39505e7ebfed7ab2818
  languageName: node
  linkType: hard

"prepend-http@npm:^2.0.0":
  version: 2.0.0
  resolution: "prepend-http@npm:2.0.0"
  checksum: d39325775adce38e18213fd19656af4abd7672ef6b1e330437079bb237de011d49a70bfb56b35037603d30ef279cceddb33794f70168582d50845c2ade29968e
  languageName: node
  linkType: hard

"prettier@npm:2.2.1":
  version: 2.2.1
  resolution: "prettier@npm:2.2.1"
  bin:
    prettier: bin-prettier.js
  checksum: 92c6c9f4b87eba1f28466edee57dd18c80d00b858edda77d46d1950d20e6e302b68ee255fc91133ba931e63c4577b5ae30da194d9626a8f3c0177778b91bf056
  languageName: node
  linkType: hard

"pump@npm:^3.0.0":
  version: 3.0.0
  resolution: "pump@npm:3.0.0"
  dependencies:
    end-of-stream: ^1.1.0
    once: ^1.3.1
  checksum: 5464d5cf6c6f083cc60cb45b074fb9a4a92ba4d3e0d89e9b2fa1906d8151fd3766784a426725ccf1af50d1c29963ac20b13829933549830e08a6704e3f95e08c
  languageName: node
  linkType: hard

"pupa@npm:^2.0.1":
  version: 2.1.1
  resolution: "pupa@npm:2.1.1"
  dependencies:
    escape-goat: ^2.0.0
  checksum: b300d979e1bcc388b0aabe723e9bd7f6598f02a10e66b693b9dde6249f68ad95e93804a1511dbbafd172e404b837d60c49ebdd152e3e94909dc282ca4ba285e8
  languageName: node
  linkType: hard

"rc@npm:^1.2.8":
  version: 1.2.8
  resolution: "rc@npm:1.2.8"
  dependencies:
    deep-extend: ^0.6.0
    ini: ~1.3.0
    minimist: ^1.2.0
    strip-json-comments: ~2.0.1
  bin:
    rc: ./cli.js
  checksum: ea2b7f7cee201a67923a2240de594a5d9b59bd312b814b06536d3d609a416dfd6fb9b85ea2abfd3b8a4eb5ed33eaff946ee75a8f2b7fb10941073c5cfee6b7a5
  languageName: node
  linkType: hard

"registry-auth-token@npm:^4.0.0":
  version: 4.2.1
  resolution: "registry-auth-token@npm:4.2.1"
  dependencies:
    rc: ^1.2.8
  checksum: 10ca9caeea81da4a9e52f1932c5aa0fc67cc7301df48a768260e946df354dfde8ccd0c2f1caa1b66b49620bb696d18eb2f4be93c55f0217439e2ab116d6c32a4
  languageName: node
  linkType: hard

"registry-url@npm:^5.0.0":
  version: 5.1.0
  resolution: "registry-url@npm:5.1.0"
  dependencies:
    rc: ^1.2.8
  checksum: 50802a1d43efb18505ffc1f242b8af43bde95e95ac2461f453ef21d4bce793d4230076147809f1ade7452afaa537c6e0324dd4a7bc9d83f1b6f5cc7e1300c544
  languageName: node
  linkType: hard

"responselike@npm:^1.0.2":
  version: 1.0.2
  resolution: "responselike@npm:1.0.2"
  dependencies:
    lowercase-keys: ^1.0.0
  checksum: c904f1499418d0729e9592079ea653c8fd35d50a7cca1a17d58ef3137382f915cbd344daaa7fe2e2b064a6d9fab4bcdd8b2ab963c523829427b440b775fba8fd
  languageName: node
  linkType: hard

"semver-diff@npm:^3.1.1":
  version: 3.1.1
  resolution: "semver-diff@npm:3.1.1"
  dependencies:
    semver: ^6.3.0
  checksum: d5c9b693e6118bf56226b52fe4bb51f1f05fd7b91bd7979d3d01b32d4e136e16e4ea110f28f0690608712473d682e7a71a05f0ab65b8ba4a70d63b536d4c6278
  languageName: node
  linkType: hard

"semver@npm:^6.0.0, semver@npm:^6.2.0, semver@npm:^6.3.0":
  version: 6.3.0
  resolution: "semver@npm:6.3.0"
  bin:
    semver: ./bin/semver.js
  checksum: f0d155c06a67cc7e500c92d929339f1c6efd4ce9fe398aee6acc00a2333489cca0f5b4e76ee7292beba237fcca4b5a3d4a6153471f105f56299801bdab37289f
  languageName: node
  linkType: hard

"signal-exit@npm:^3.0.2":
  version: 3.0.3
  resolution: "signal-exit@npm:3.0.3"
  checksum: f8f3fec95c8d1f9ad7e3cce07e1195f84e7a85cdcb4e825e8a2b76aa5406a039083d2bc9662b3cf40e6948262f41277047d20e6fbd58c77edced0b18fab647d8
  languageName: node
  linkType: hard

"source-map-support@npm:^0.5.17":
  version: 0.5.19
  resolution: "source-map-support@npm:0.5.19"
  dependencies:
    buffer-from: ^1.0.0
    source-map: ^0.6.0
  checksum: 59d4efaae97755155b078413ecba63517e3ef054cc7ab767bbd30e6f3054be2ae8e8f5cce7eef53b7eb93e98fe27a58dd8f5e7abfb13144ba420ddaf5267bbb2
  languageName: node
  linkType: hard

"source-map@npm:^0.6.0":
  version: 0.6.1
  resolution: "source-map@npm:0.6.1"
  checksum: 8647829a0611724114022be455ca1c8a2c8ae61df81c5b3667d9b398207226a1e21174fb7bbf0b4dbeb27ac358222afb5a14f1c74a62a62b8883b012e5eb1270
  languageName: node
  linkType: hard

"string-width@npm:^3.0.0":
  version: 3.1.0
  resolution: "string-width@npm:3.1.0"
  dependencies:
    emoji-regex: ^7.0.1
    is-fullwidth-code-point: ^2.0.0
    strip-ansi: ^5.1.0
  checksum: 54c5d1842dc122d8e0251ad50e00e91c06368f1aca44f41a67cd5ce013c4ba8f5a26f1b7f72a3e1644f38c62092a82c86b646aff514073894faf84b9564a38a0
  languageName: node
  linkType: hard

"string-width@npm:^4.0.0, string-width@npm:^4.1.0":
  version: 4.2.2
  resolution: "string-width@npm:4.2.2"
  dependencies:
    emoji-regex: ^8.0.0
    is-fullwidth-code-point: ^3.0.0
    strip-ansi: ^6.0.0
  checksum: d42484f5fdc50b4a573be784a06bc971e124d3fdc08779848a58d632bc88b349a33af54d1f0e1904dbd5dcbbe50651e4b39938799ebb1011a730421af1381892
  languageName: node
  linkType: hard

"strip-ansi@npm:^5.1.0":
  version: 5.2.0
  resolution: "strip-ansi@npm:5.2.0"
  dependencies:
    ansi-regex: ^4.1.0
  checksum: 44a0d0d354f5f7b15f83323879a9112ea746daae7bef0b68238a27626ee757d9a04ce6590433841e14b325e8e7c5d62b8442885e50497e21b7cbca6da40d54ea
  languageName: node
  linkType: hard

"strip-ansi@npm:^6.0.0":
  version: 6.0.0
  resolution: "strip-ansi@npm:6.0.0"
  dependencies:
    ansi-regex: ^5.0.0
  checksum: 10568c91cadbef182a807c38dfa718dce15a35b12fcc97b96b6b2029d0508ef66ca93fabddeb49482d9b027495d1e18591858e80f27ad26861c4967c60fd207f
  languageName: node
  linkType: hard

"strip-json-comments@npm:~2.0.1":
  version: 2.0.1
  resolution: "strip-json-comments@npm:2.0.1"
  checksum: e60d99aa2849c27a04dce0620334f45822197df6b83664dd3746971e9a0a766d989dbb8d87f9cb7350725d2b5df401a2343222ad06e36a1ba7d62c6633267fcb
  languageName: node
  linkType: hard

"supports-color@npm:^7.1.0":
  version: 7.2.0
  resolution: "supports-color@npm:7.2.0"
  dependencies:
    has-flag: ^4.0.0
  checksum: 8e57067c39216f3c2ffce7cc14ca934d54746192571203aa9c9922d97d2d55cc1bdaa9e41a11f91e620670b5a74ebdec6b548a885d8cc2dea7cab59e21416029
  languageName: node
  linkType: hard

"term-size@npm:^2.1.0":
  version: 2.2.1
  resolution: "term-size@npm:2.2.1"
  checksum: a013f688f6fc1b6410be3b2f7a04c3a9169e97186949b0bc33cc7c1943b0c88d9a943f81e518d9227cb817803e7a18c702f2971eafd6d8659ce4a1df94094246
  languageName: node
  linkType: hard

"to-readable-stream@npm:^1.0.0":
  version: 1.0.0
  resolution: "to-readable-stream@npm:1.0.0"
  checksum: aa4b65d3e7a60d7b51204585187bdfd2159788a22ec241451c782552699e8dec39dcb8a9cd4957e03f32191ca18d3ea80abd9bb40005a8f1631df8fbba22b413
  languageName: node
  linkType: hard

"ts-node@npm:8.9.1":
  version: 8.9.1
  resolution: "ts-node@npm:8.9.1"
  dependencies:
    arg: ^4.1.0
    diff: ^4.0.1
    make-error: ^1.1.1
    source-map-support: ^0.5.17
    yn: 3.1.1
  peerDependencies:
    typescript: ">=2.7"
  bin:
    ts-node: dist/bin.js
    ts-node-script: dist/bin-script.js
    ts-node-transpile-only: dist/bin-transpile.js
    ts-script: dist/bin-script-deprecated.js
  checksum: 8b365cd64448b6a7904f910d5d23d25ffc5a89a7dad9cfae9cf6c6cda464b08ecf10601aadc6db04155deecd9b64546745c614c3d4180d1d19ad85fdfb5f14d3
  languageName: node
  linkType: hard

"type-fest@npm:^0.8.1":
  version: 0.8.1
  resolution: "type-fest@npm:0.8.1"
  checksum: f8c4b4249f52e8bea7a4fc55b3653c96c2d547240e4c772e001d02b7cc38b8c3eb493ab9fbe985a76a203cd1aa7044776b728a71ba12bf36e7131f989597885b
  languageName: node
  linkType: hard

"typedarray-to-buffer@npm:^3.1.5":
  version: 3.1.5
  resolution: "typedarray-to-buffer@npm:3.1.5"
  dependencies:
    is-typedarray: ^1.0.0
  checksum: e6e0e6812acc3496612d81abe026bb6c71bfc0f3daa00716a3236fe37c46a81508de8306df8a29ae81e2a2c4293b6b8067c77b65003e0022134d544902b9acec
  languageName: node
  linkType: hard

typescript@3.9.3:
  version: 3.9.3
  resolution: "typescript@npm:3.9.3"
  bin:
    tsc: bin/tsc
    tsserver: bin/tsserver
  checksum: f05e6f1c50c635bd7afc95fbc9eb704042b5bec9a77b9c86ddc0c56650c928617d608b9ec9aa468d7b4cf14ac1ea5f540c540c725005a179b54a86665abd9a55
  languageName: node
  linkType: hard

"typescript@patch:typescript@3.9.3#builtin<compat/typescript>":
  version: 3.9.3
  resolution: "typescript@patch:typescript@npm%3A3.9.3#builtin<compat/typescript>::version=3.9.3&hash=a45b0e"
  bin:
    tsc: bin/tsc
    tsserver: bin/tsserver
  checksum: 54b2889e3dce3cdb00e652c207e0d85b4cecd902dae3c999c2f860634ec87029426121b9a7c2b83d89466eff42dc26b2a3cda033fa67b1723d6e00a0dc54ea4c
  languageName: node
  linkType: hard

"unique-string@npm:^2.0.0":
  version: 2.0.0
  resolution: "unique-string@npm:2.0.0"
  dependencies:
    crypto-random-string: ^2.0.0
  checksum: a2748b41eaada391800773c16674fe4e9a3f078162e49b2c6b4e67d36061a0f97be4b7851136d786ed5e4ddc90770400fd54bf32aed1e08ec9a9219d9b66bad3
  languageName: node
  linkType: hard

"update-notifier@npm:4.1.0":
  version: 4.1.0
  resolution: "update-notifier@npm:4.1.0"
  dependencies:
    boxen: ^4.2.0
    chalk: ^3.0.0
    configstore: ^5.0.1
    has-yarn: ^2.1.0
    import-lazy: ^2.1.0
    is-ci: ^2.0.0
    is-installed-globally: ^0.3.1
    is-npm: ^4.0.0
    is-yarn-global: ^0.3.0
    latest-version: ^5.0.0
    pupa: ^2.0.1
    semver-diff: ^3.1.1
    xdg-basedir: ^4.0.0
  checksum: 2d35bb8785da43c247c5c7b7734c50c040378de61569afbfc22681b46066240ccdf717b38a62483926f6452f26a547418768627a2f0dede70ca6f4f0b5c78309
  languageName: node
  linkType: hard

"url-parse-lax@npm:^3.0.0":
  version: 3.0.0
  resolution: "url-parse-lax@npm:3.0.0"
  dependencies:
    prepend-http: ^2.0.0
  checksum: 334817036b300c35023798b8ceac23ea61b51f231a867112e3a85778d65191a3ccb67e7b69b608d45433d55da392cf0d72cd3c85f2542f6ec34733e455c229d5
  languageName: node
  linkType: hard

"vercel@npm:^21.3.3":
  version: 21.3.3
  resolution: "vercel@npm:21.3.3"
  dependencies:
    "@vercel/build-utils": 2.10.1
    "@vercel/go": 1.2.2
    "@vercel/node": 1.9.1
    "@vercel/python": 2.0.1
    "@vercel/ruby": 1.2.6
    update-notifier: 4.1.0
  bin:
    vc: dist/index.js
    vercel: dist/index.js
  checksum: 92f951471db679284581938e8ed6092b8e7279ba71dc9af83e69fb2bfd71a4b4f4c50eca1cddcbda98c14801be7e6d8a37417e7bfb4241b21db7391854ab34d3
  languageName: node
  linkType: hard

"widest-line@npm:^3.1.0":
  version: 3.1.0
  resolution: "widest-line@npm:3.1.0"
  dependencies:
    string-width: ^4.0.0
  checksum: 729c30582e49bdcb1372216eedfd71d1640a1344a4b4e970bc9f33d575b56b130f530b383fbab2cf2bcffb76ea4357e6a66939778d8de91ca66037651d94e01a
  languageName: node
  linkType: hard

"wrappy@npm:1":
  version: 1.0.2
  resolution: "wrappy@npm:1.0.2"
  checksum: 519fcda0fcdf0c16327be2de9d98646742307bc830277e8868529fcf7566f2b330a6453c233e0cdcb767d5838dd61a90984a02ecc983bcddebea5ad0833bbf98
  languageName: node
  linkType: hard

"write-file-atomic@npm:^3.0.0":
  version: 3.0.3
  resolution: "write-file-atomic@npm:3.0.3"
  dependencies:
    imurmurhash: ^0.1.4
    is-typedarray: ^1.0.0
    signal-exit: ^3.0.2
    typedarray-to-buffer: ^3.1.5
  checksum: a26a8699c30cdc81d041b2c1049c6773f1e8401edda365874e9ca2dcf1fcf024dfeb43eea5e08c2e9b4e77be08a160d37f8d6c5d8c2d3ceccdf3d06e5cb38d35
  languageName: node
  linkType: hard

"xdg-basedir@npm:^4.0.0":
  version: 4.0.0
  resolution: "xdg-basedir@npm:4.0.0"
  checksum: 928953cb7dda8e2475932f748847a3aae751f44864a0067b03e5ca66820a36e1e9ffb647f9b06fb68ebcb0b9d06d5aee630717a1d2501be14cec99f82efa2fe6
  languageName: node
  linkType: hard

"yn@npm:3.1.1":
  version: 3.1.1
  resolution: "yn@npm:3.1.1"
  checksum: bff63b80568d80c711670935427494dde47cdf97e8b04196b140ce0af519c81c5ee857eddad0caa8b422dd65aea0157bbfaacbb1546bebba623f0f383d5d9ae5
  languageName: node
  linkType: hard
